
Microsoft Visual Studio Solution File, Format Version 12.00
# Visual Studio 15
VisualStudioVersion = 15.0.28307.1022
MinimumVisualStudioVersion = 10.0.40219.1
Project("{FAE04EC0-301F-11D3-BF4B-00C04F79EFBC}") = "Payroll", "Payroll\Payroll.csproj", "{C09AFBCA-D1AF-4AA3-A121-00B214332989}"
EndProject
Global
	GlobalSection(SolutionConfigurationPlatforms) = preSolution
		Debug|Any CPU = Debug|Any CPU
		Release|Any CPU = Release|Any CPU
	EndGlobalSection
	GlobalSection(ProjectConfigurationPlatforms) = postSolution
		{C09AFBCA-D1AF-4AA3-A121-00B214332989}.Debug|Any CPU.ActiveCfg = Debug|Any CPU
		{C09AFBCA-D1AF-4AA3-A121-00B214332989}.Debug|Any CPU.Build.0 = Debug|Any CPU
		{C09AFBCA-D1AF-4AA3-A121-00B214332989}.Release|Any CPU.ActiveCfg = Release|Any CPU
		{C09AFBCA-D1AF-4AA3-A121-00B214332989}.Release|Any CPU.Build.0 = Release|Any CPU
	EndGlobalSection
	GlobalSection(SolutionProperties) = preSolution
		HideSolutionNode = FALSE
	EndGlobalSection
	GlobalSection(ExtensibilityGlobals) = postSolution
		SolutionGuid = {64AB4A9B-3B91-4A94-9FD7-002BC9B30D9B}
	EndGlobalSection
EndGlobal
